# =============================================================================
# Quartus Prime Project Settings File (.qsf)
# VL53L0X Distance Sensor -> 7-Segment Display
# FPGA: EP4CE6E22C8 (OurFPGA Development Board V2.1)
# =============================================================================

# ---- Project Settings ----
set_global_assignment -name FAMILY "Cyclone IV E"
set_global_assignment -name DEVICE EP4CE6E22C8
set_global_assignment -name TOP_LEVEL_ENTITY rover
set_global_assignment -name ORIGINAL_QUARTUS_VERSION 18.1
set_global_assignment -name PROJECT_CREATION_TIME_DATE "2026-04-18"
set_global_assignment -name LAST_QUARTUS_VERSION 25.1std.0
set_global_assignment -name MIN_CORE_JUNCTION_TEMP 0
set_global_assignment -name MAX_CORE_JUNCTION_TEMP 85
set_global_assignment -name ERROR_CHECK_FREQUENCY_DIVISOR 1
set_global_assignment -name NUM_PARALLEL_PROCESSORS 4
set_global_assignment -name VERILOG_INPUT_VERSION SYSTEMVERILOG_2005

# ---- Source Files ----
# Новый набор файлов проекта
set_global_assignment -name VERILOG_FILE rover.v
set_global_assignment -name VERILOG_FILE seg7_display.v
set_global_assignment -name SYSTEMVERILOG_FILE tof_ctrl.sv
set_global_assignment -name SYSTEMVERILOG_FILE vl5310x_ctrl.sv
set_global_assignment -name SYSTEMVERILOG_FILE i2c_master.sv
set_global_assignment -name SYSTEMVERILOG_FILE i2c_driver.sv
set_global_assignment -name SYSTEMVERILOG_FILE roverc_pro_ctrl.sv
set_global_assignment -name SYSTEMVERILOG_FILE vl53l1x_ctrl.sv

# ---- Compilation Settings ----
set_global_assignment -name STRATIX_DEVICE_IO_STANDARD "3.3-V LVTTL"
set_global_assignment -name USE_CONFIGURATION_DEVICE OFF
set_global_assignment -name CRC_ERROR_OPEN_DRAIN OFF
set_global_assignment -name CYCLONEII_RESERVE_NCEO_AFTER_CONFIGURATION "USE AS REGULAR IO"
set_global_assignment -name OUTPUT_IO_TIMING_NEAR_END_VMEAS "HALF VCCIO" -rise
set_global_assignment -name OUTPUT_IO_TIMING_NEAR_END_VMEAS "HALF VCCIO" -fall
set_global_assignment -name OUTPUT_IO_TIMING_FAR_END_VMEAS "HALF SIGNAL SWING" -rise
set_global_assignment -name OUTPUT_IO_TIMING_FAR_END_VMEAS "HALF SIGNAL SWING" -fall

# =============================================================================
# PIN ASSIGNMENTS
# =============================================================================

# ---- Clock and Reset ----
set_location_assignment PIN_23 -to CLK_50M
set_location_assignment PIN_25 -to RST_N

# ---- I2C Interface (VL53L0X Sensor) ----
# По твоей рекомендации: используем эти пины и включаем weak pull-up
set_location_assignment PIN_77 -to I2C_SCL
set_location_assignment PIN_76 -to I2C_SDA

# ---- 7-Segment Display (Active Low, Common Anode) ----
# SEG[0]=a ... SEG[6]=g, SEG[7]=dp
set_location_assignment PIN_128 -to SEG[0]
set_location_assignment PIN_121 -to SEG[1]
set_location_assignment PIN_125 -to SEG[2]
set_location_assignment PIN_129 -to SEG[3]
set_location_assignment PIN_132 -to SEG[4]
set_location_assignment PIN_126 -to SEG[5]
set_location_assignment PIN_124 -to SEG[6]
set_location_assignment PIN_127 -to SEG[7]

# Digit select
set_location_assignment PIN_133 -to DIG[0]
set_location_assignment PIN_135 -to DIG[1]
set_location_assignment PIN_136 -to DIG[2]
set_location_assignment PIN_137 -to DIG[3]

# ---- Status LEDs (Active Low) ----
set_location_assignment PIN_72 -to LED1
set_location_assignment PIN_73 -to LED2
set_location_assignment PIN_74 -to LED3
set_location_assignment PIN_75 -to LED4

# ---- I/O Standards ----
set_instance_assignment -name IO_STANDARD "3.3-V LVTTL" -to CLK_50M
set_instance_assignment -name IO_STANDARD "3.3-V LVTTL" -to RST_N

set_instance_assignment -name IO_STANDARD "3.3-V LVCMOS" -to I2C_SCL
set_instance_assignment -name IO_STANDARD "3.3-V LVCMOS" -to I2C_SDA
set_instance_assignment -name WEAK_PULL_UP_RESISTOR ON -to I2C_SCL
set_instance_assignment -name WEAK_PULL_UP_RESISTOR ON -to I2C_SDA

set_instance_assignment -name IO_STANDARD "3.3-V LVTTL" -to SEG[0]
set_instance_assignment -name IO_STANDARD "3.3-V LVTTL" -to SEG[1]
set_instance_assignment -name IO_STANDARD "3.3-V LVTTL" -to SEG[2]
set_instance_assignment -name IO_STANDARD "3.3-V LVTTL" -to SEG[3]
set_instance_assignment -name IO_STANDARD "3.3-V LVTTL" -to SEG[4]
set_instance_assignment -name IO_STANDARD "3.3-V LVTTL" -to SEG[5]
set_instance_assignment -name IO_STANDARD "3.3-V LVTTL" -to SEG[6]
set_instance_assignment -name IO_STANDARD "3.3-V LVTTL" -to SEG[7]

set_instance_assignment -name IO_STANDARD "3.3-V LVTTL" -to DIG[0]
set_instance_assignment -name IO_STANDARD "3.3-V LVTTL" -to DIG[1]
set_instance_assignment -name IO_STANDARD "3.3-V LVTTL" -to DIG[2]
set_instance_assignment -name IO_STANDARD "3.3-V LVTTL" -to DIG[3]

set_instance_assignment -name IO_STANDARD "3.3-V LVTTL" -to LED1
set_instance_assignment -name IO_STANDARD "3.3-V LVTTL" -to LED2
set_instance_assignment -name IO_STANDARD "3.3-V LVTTL" -to LED3
set_instance_assignment -name IO_STANDARD "3.3-V LVTTL" -to LED4

# ---- Current Strength ----
set_instance_assignment -name CURRENT_STRENGTH_NEW 8MA -to SEG[0]
set_instance_assignment -name CURRENT_STRENGTH_NEW 8MA -to SEG[1]
set_instance_assignment -name CURRENT_STRENGTH_NEW 8MA -to SEG[2]
set_instance_assignment -name CURRENT_STRENGTH_NEW 8MA -to SEG[3]
set_instance_assignment -name CURRENT_STRENGTH_NEW 8MA -to SEG[4]
set_instance_assignment -name CURRENT_STRENGTH_NEW 8MA -to SEG[5]
set_instance_assignment -name CURRENT_STRENGTH_NEW 8MA -to SEG[6]
set_instance_assignment -name CURRENT_STRENGTH_NEW 8MA -to SEG[7]

set_instance_assignment -name CURRENT_STRENGTH_NEW 8MA -to DIG[0]
set_instance_assignment -name CURRENT_STRENGTH_NEW 8MA -to DIG[1]
set_instance_assignment -name CURRENT_STRENGTH_NEW 8MA -to DIG[2]
set_instance_assignment -name CURRENT_STRENGTH_NEW 8MA -to DIG[3]

# ---- Unused Pin Handling ----
set_global_assignment -name RESERVE_ALL_UNUSED_PINS_WEAK_PULLUP "AS INPUT TRI-STATED"

set_global_assignment -name EDA_SIMULATION_TOOL "Questa Altera FPGA (SystemVerilog)"
set_global_assignment -name PARTITION_NETLIST_TYPE SOURCE -section_id Top
set_global_assignment -name PARTITION_FITTER_PRESERVATION_LEVEL PLACEMENT_AND_ROUTING -section_id Top
set_global_assignment -name PARTITION_COLOR 16764057 -section_id Top
set_instance_assignment -name PARTITION_HIERARCHY root_partition -to | -section_id Top